
Microsoft Visual Studio Solution File, Format Version 12.00
Project("{FAE04EC0-301F-11D3-BF4B-00C04F79EFBC}") = "TicTac", "TicTac\TicTac.csproj", "{7798A758-9F5B-4EE7-B9B6-6A160E9A6047}"
EndProject
Global
	GlobalSection(SolutionConfigurationPlatforms) = preSolution
		Debug|Any CPU = Debug|Any CPU
		Release|Any CPU = Release|Any CPU
	EndGlobalSection
	GlobalSection(ProjectConfigurationPlatforms) = postSolution
		{7798A758-9F5B-4EE7-B9B6-6A160E9A6047}.Debug|Any CPU.ActiveCfg = Debug|Any CPU
		{7798A758-9F5B-4EE7-B9B6-6A160E9A6047}.Debug|Any CPU.Build.0 = Debug|Any CPU
		{7798A758-9F5B-4EE7-B9B6-6A160E9A6047}.Release|Any CPU.ActiveCfg = Release|Any CPU
		{7798A758-9F5B-4EE7-B9B6-6A160E9A6047}.Release|Any CPU.Build.0 = Release|Any CPU
	EndGlobalSection
EndGlobal
